<?xml version="1.0" encoding="UTF-8"?>
<Scheme
   LastUpgradeVersion = "0630"
   version = "1.3">
   <BuildAction
      parallelizeBuildables = "YES"
      buildImplicitDependencies = "YES">
      <BuildActionEntries>
         <BuildActionEntry
            buildForTesting = "YES"
            buildForRunning = "YES"
            buildForProfiling = "YES"
            buildForArchiving = "YES"
            buildForAnalyzing = "YES">
            <BuildableReference
               BuildableIdentifier = "primary"
               BlueprintIdentifier = "A2BF71791AC95A4600379199"
               BuildableName = "RDTServer"
               BlueprintName = "RDTServer"
               ReferencedContainer = "container:RDTServer.xcodeproj">
            </BuildableReference>
         </BuildActionEntry>
      </BuildActionEntries>
   </BuildAction>
   <TestAction
      buildConfiguration = "Debug"
      selectedDebuggerIdentifier = "Xcode.DebuggerFoundation.Debugger.LLDB"
      selectedLauncherIdentifier = "Xcode.DebuggerFoundation.Launcher.LLDB"
      shouldUseLaunchSchemeArgsEnv = "YES">
      <Testables>
      </Testables>
      <MacroExpansion>
         <BuildableReference
            BuildableIdentifier = "primary"
            BlueprintIdentifier = "A2BF71791AC95A4600379199"
            BuildableName = "RDTServer"
            BlueprintName = "RDTServer"
            ReferencedContainer = "container:RDTServer.xcodeproj">
         </BuildableReference>
      </MacroExpansion>
      <AdditionalOptions>
      </AdditionalOptions>
   </TestAction>
   <LaunchAction
      buildConfiguration = "Debug"
      selectedDebuggerIdentifier = "Xcode.DebuggerFoundation.Debugger.LLDB"
      selectedLauncherIdentifier = "Xcode.DebuggerFoundation.Launcher.LLDB"
      launchStyle = "0"
      useCustomWorkingDirectory = "NO"
      ignoresPersistentStateOnLaunch = "NO"
      debugDocumentVersioning = "YES"
      debugServiceExtension = "internal"
      allowLocationSimulation = "YES">
      <BuildableProductRunnable
         runnableDebuggingMode = "0">
         <BuildableReference
            BuildableIdentifier = "primary"
            BlueprintIdentifier = "A2BF71791AC95A4600379199"
            BuildableName = "RDTServer"
            BlueprintName = "RDTServer"
            ReferencedContainer = "container:RDTServer.xcodeproj">
         </BuildableReference>
      </BuildableProductRunnable>
      <CommandLineArguments>
         <CommandLineArgument
            argument = "TUTKGatewayDevice C3KAB97WKTF4AG6GUHC1"
            isEnabled = "NO">
         </CommandLineArgument>
         <CommandLineArgument
            argument = "TUTKPlugDevice EZUA9N7MK7ZMVH6GUHY1"
            isEnabled = "NO">
         </CommandLineArgument>
         <CommandLineArgument
            argument = "TUTKLightingDevice EBPA9D74VFZCAGPGU1C1"
            isEnabled = "NO">
         </CommandLineArgument>
         <CommandLineArgument
            argument = "TUTKPIRDevice E3YU8H54U9FWSHPGY1C1"
            isEnabled = "NO">
         </CommandLineArgument>
         <CommandLineArgument
            argument = "TUTKDoorDevice CRYA9H5MRDFWVG6GY1PJ"
            isEnabled = "NO">
         </CommandLineArgument>
         <CommandLineArgument
            argument = "TUTKWaterLeakDevice ERPABH5WKHZ4VHPGU1Y1"
            isEnabled = "NO">
         </CommandLineArgument>
         <CommandLineArgument
            argument = "TUTKSirenDevice EVPABH5WP1Z4UHPGU1Y1"
            isEnabled = "NO">
         </CommandLineArgument>
         <CommandLineArgument
            argument = "TUTKGasDevice EZYUBN5WLHZCBG6GY141"
            isEnabled = "NO">
         </CommandLineArgument>
         <CommandLineArgument
            argument = "TUTKVibrateDevice ERPAAH54KDZCTH6GU1CJ"
            isEnabled = "NO">
         </CommandLineArgument>
         <CommandLineArgument
            argument = "TUTKSmokeDevice CRPAA95MLXZW9H6GYHR1"
            isEnabled = "NO">
         </CommandLineArgument>
         <CommandLineArgument
            argument = ""
            isEnabled = "NO">
         </CommandLineArgument>
         <CommandLineArgument
            argument = "TUTKGatewayDevice E7YAB554YTZCAH6GY1E1"
            isEnabled = "NO">
         </CommandLineArgument>
         <CommandLineArgument
            argument = "TUTKGatewayDevice 6JRCE4K63NMBBSHP111A"
            isEnabled = "NO">
         </CommandLineArgument>
         <CommandLineArgument
            argument = ""
            isEnabled = "NO">
         </CommandLineArgument>
         <CommandLineArgument
            argument = "TUTKPIRDevice CZPA954WZNFCVHPGU1WJ"
            isEnabled = "NO">
         </CommandLineArgument>
         <CommandLineArgument
            argument = "TUTKPIRDevice CRPAB14MZ5FC8HPGU1C1"
            isEnabled = "NO">
         </CommandLineArgument>
         <CommandLineArgument
            argument = "TUTKPIRDevice E7YAB554YTZCAH6GY1E1"
            isEnabled = "NO">
         </CommandLineArgument>
         <CommandLineArgument
            argument = ""
            isEnabled = "NO">
         </CommandLineArgument>
         <CommandLineArgument
            argument = "VtechIPHubGatewayDevice ELYU954WZZZC9G6GUHFJ"
            isEnabled = "YES">
         </CommandLineArgument>
         <CommandLineArgument
            argument = "JsonRDTClientDevice ELYU954WZZZC9G6GUHFJ"
            isEnabled = "NO">
         </CommandLineArgument>
      </CommandLineArguments>
      <AdditionalOptions>
      </AdditionalOptions>
   </LaunchAction>
   <ProfileAction
      buildConfiguration = "Release"
      shouldUseLaunchSchemeArgsEnv = "YES"
      savedToolIdentifier = ""
      useCustomWorkingDirectory = "NO"
      debugDocumentVersioning = "YES">
      <BuildableProductRunnable
         runnableDebuggingMode = "0">
         <BuildableReference
            BuildableIdentifier = "primary"
            BlueprintIdentifier = "A2BF71791AC95A4600379199"
            BuildableName = "RDTServer"
            BlueprintName = "RDTServer"
            ReferencedContainer = "container:RDTServer.xcodeproj">
         </BuildableReference>
      </BuildableProductRunnable>
   </ProfileAction>
   <AnalyzeAction
      buildConfiguration = "Debug">
   </AnalyzeAction>
   <ArchiveAction
      buildConfiguration = "Release"
      revealArchiveInOrganizer = "YES">
   </ArchiveAction>
</Scheme>
