// !$*UTF8*$!
{
	archiveVersion = 1;
	classes = {
	};
	objectVersion = 46;
	objects = {

/* Begin PBXBuildFile section */
		A24D80151BFD796E00143462 /* json_reader.cpp in Sources */ = {isa = PBXBuildFile; fileRef = A24D80121BFD796E00143462 /* json_reader.cpp */; };
		A24D80161BFD796E00143462 /* json_value.cpp in Sources */ = {isa = PBXBuildFile; fileRef = A24D80131BFD796E00143462 /* json_value.cpp */; };
		A24D80171BFD796E00143462 /* json_writer.cpp in Sources */ = {isa = PBXBuildFile; fileRef = A24D80141BFD796E00143462 /* json_writer.cpp */; };
		A24FBA471C07143100EF516E /* libcurlpp.a in Frameworks */ = {isa = PBXBuildFile; fileRef = A24FBA461C07143100EF516E /* libcurlpp.a */; };
		A24FBA491C07144400EF516E /* libutilspp.a in Frameworks */ = {isa = PBXBuildFile; fileRef = A24FBA481C07144400EF516E /* libutilspp.a */; };
		A278363D1C3B8A9700283F81 /* MQTTConnectClient.c in Sources */ = {isa = PBXBuildFile; fileRef = A278362D1C3B8A9700283F81 /* MQTTConnectClient.c */; };
		A278363E1C3B8A9700283F81 /* MQTTConnectServer.c in Sources */ = {isa = PBXBuildFile; fileRef = A278362E1C3B8A9700283F81 /* MQTTConnectServer.c */; };
		A278363F1C3B8A9700283F81 /* MQTTDeserializePublish.c in Sources */ = {isa = PBXBuildFile; fileRef = A278362F1C3B8A9700283F81 /* MQTTDeserializePublish.c */; };
		A27836401C3B8A9700283F81 /* MQTTFormat.c in Sources */ = {isa = PBXBuildFile; fileRef = A27836301C3B8A9700283F81 /* MQTTFormat.c */; };
		A27836411C3B8A9700283F81 /* MQTTPacket.c in Sources */ = {isa = PBXBuildFile; fileRef = A27836321C3B8A9700283F81 /* MQTTPacket.c */; };
		A27836421C3B8A9700283F81 /* MQTTSerializePublish.c in Sources */ = {isa = PBXBuildFile; fileRef = A27836351C3B8A9700283F81 /* MQTTSerializePublish.c */; };
		A27836431C3B8A9700283F81 /* MQTTSubscribeClient.c in Sources */ = {isa = PBXBuildFile; fileRef = A27836371C3B8A9700283F81 /* MQTTSubscribeClient.c */; };
		A27836441C3B8A9700283F81 /* MQTTSubscribeServer.c in Sources */ = {isa = PBXBuildFile; fileRef = A27836381C3B8A9700283F81 /* MQTTSubscribeServer.c */; };
		A27836451C3B8A9700283F81 /* MQTTUnsubscribeClient.c in Sources */ = {isa = PBXBuildFile; fileRef = A278363A1C3B8A9700283F81 /* MQTTUnsubscribeClient.c */; };
		A27836461C3B8A9700283F81 /* MQTTUnsubscribeServer.c in Sources */ = {isa = PBXBuildFile; fileRef = A278363B1C3B8A9700283F81 /* MQTTUnsubscribeServer.c */; };
		A27836491C3B8AC900283F81 /* linux.h in Sources */ = {isa = PBXBuildFile; fileRef = A27836481C3B8AC900283F81 /* linux.h */; };
		A2BED3141C71769300AF9D4E /* Body.cpp in Sources */ = {isa = PBXBuildFile; fileRef = A2BED2EC1C71769300AF9D4E /* Body.cpp */; };
		A2BED3151C71769300AF9D4E /* JsonRDTClientDevice.cpp in Sources */ = {isa = PBXBuildFile; fileRef = A2BED2EE1C71769300AF9D4E /* JsonRDTClientDevice.cpp */; };
		A2BED3161C71769300AF9D4E /* main.cpp in Sources */ = {isa = PBXBuildFile; fileRef = A2BED2F01C71769300AF9D4E /* main.cpp */; };
		A2BED3171C71769300AF9D4E /* SampoDevice.cpp in Sources */ = {isa = PBXBuildFile; fileRef = A2BED2F11C71769300AF9D4E /* SampoDevice.cpp */; };
		A2BED3181C71769300AF9D4E /* TUTKDoorDevice.cpp in Sources */ = {isa = PBXBuildFile; fileRef = A2BED2F31C71769300AF9D4E /* TUTKDoorDevice.cpp */; };
		A2BED3191C71769300AF9D4E /* TUTKGasDevice.cpp in Sources */ = {isa = PBXBuildFile; fileRef = A2BED2F61C71769300AF9D4E /* TUTKGasDevice.cpp */; };
		A2BED31A1C71769300AF9D4E /* TUTKGatewayDevice.cpp in Sources */ = {isa = PBXBuildFile; fileRef = A2BED2F91C71769300AF9D4E /* TUTKGatewayDevice.cpp */; };
		A2BED31B1C71769300AF9D4E /* TUTKLightingDevice.cpp in Sources */ = {isa = PBXBuildFile; fileRef = A2BED2FC1C71769300AF9D4E /* TUTKLightingDevice.cpp */; };
		A2BED31C1C71769300AF9D4E /* TUTKPIRDevice.cpp in Sources */ = {isa = PBXBuildFile; fileRef = A2BED2FF1C71769300AF9D4E /* TUTKPIRDevice.cpp */; };
		A2BED31D1C71769300AF9D4E /* TUTKPlugDevice.cpp in Sources */ = {isa = PBXBuildFile; fileRef = A2BED3021C71769300AF9D4E /* TUTKPlugDevice.cpp */; };
		A2BED31E1C71769300AF9D4E /* TUTKSirenDevice.cpp in Sources */ = {isa = PBXBuildFile; fileRef = A2BED3061C71769300AF9D4E /* TUTKSirenDevice.cpp */; };
		A2BED31F1C71769300AF9D4E /* TUTKSmokeDevice.cpp in Sources */ = {isa = PBXBuildFile; fileRef = A2BED3091C71769300AF9D4E /* TUTKSmokeDevice.cpp */; };
		A2BED3201C71769300AF9D4E /* TUTKVibrateDevice.cpp in Sources */ = {isa = PBXBuildFile; fileRef = A2BED30C1C71769300AF9D4E /* TUTKVibrateDevice.cpp */; };
		A2BED3211C71769300AF9D4E /* TUTKWaterLeakDevice.cpp in Sources */ = {isa = PBXBuildFile; fileRef = A2BED30F1C71769300AF9D4E /* TUTKWaterLeakDevice.cpp */; };
		A2BED3221C71769300AF9D4E /* ZhongHanDevice.cpp in Sources */ = {isa = PBXBuildFile; fileRef = A2BED3121C71769300AF9D4E /* ZhongHanDevice.cpp */; };
		A2BED3911C71B01A00AF9D4E /* libDeviceAPI.a in Frameworks */ = {isa = PBXBuildFile; fileRef = A2BED38E1C71AFF100AF9D4E /* libDeviceAPI.a */; };
/* End PBXBuildFile section */

/* Begin PBXContainerItemProxy section */
		A2BED38D1C71AFF100AF9D4E /* PBXContainerItemProxy */ = {
			isa = PBXContainerItemProxy;
			containerPortal = A2BED3891C71AFF100AF9D4E /* DeviceAPI.xcodeproj */;
			proxyType = 2;
			remoteGlobalIDString = A2913D911C635CFF00AF81AF;
			remoteInfo = DeviceAPI;
		};
		A2BED38F1C71B01200AF9D4E /* PBXContainerItemProxy */ = {
			isa = PBXContainerItemProxy;
			containerPortal = A2BED3891C71AFF100AF9D4E /* DeviceAPI.xcodeproj */;
			proxyType = 1;
			remoteGlobalIDString = A2913D901C635CFF00AF81AF;
			remoteInfo = DeviceAPI;
		};
/* End PBXContainerItemProxy section */

/* Begin PBXCopyFilesBuildPhase section */
		A2BF71781AC95A4600379199 /* CopyFiles */ = {
			isa = PBXCopyFilesBuildPhase;
			buildActionMask = 2147483647;
			dstPath = /usr/share/man/man1/;
			dstSubfolderSpec = 0;
			files = (
			);
			runOnlyForDeploymentPostprocessing = 1;
		};
/* End PBXCopyFilesBuildPhase section */

/* Begin PBXFileReference section */
		A20067EF1C61FAF900FEEA08 /* runClient.sh */ = {isa = PBXFileReference; lastKnownFileType = text.script.sh; path = runClient.sh; sourceTree = "<group>"; };
		A20067F01C61FAF900FEEA08 /* runServer.sh */ = {isa = PBXFileReference; lastKnownFileType = text.script.sh; path = runServer.sh; sourceTree = "<group>"; };
		A20067F11C61FCC300FEEA08 /* CMakeLists.txt */ = {isa = PBXFileReference; lastKnownFileType = text; path = CMakeLists.txt; sourceTree = "<group>"; };
		A24D80071BFD791A00143462 /* assertions.h */ = {isa = PBXFileReference; fileEncoding = 4; lastKnownFileType = sourcecode.c.h; name = assertions.h; path = "3th_party/jsoncpp-1.6.5/include/json/assertions.h"; sourceTree = "<group>"; };
		A24D80081BFD791A00143462 /* autolink.h */ = {isa = PBXFileReference; fileEncoding = 4; lastKnownFileType = sourcecode.c.h; name = autolink.h; path = "3th_party/jsoncpp-1.6.5/include/json/autolink.h"; sourceTree = "<group>"; };
		A24D80091BFD791A00143462 /* config.h */ = {isa = PBXFileReference; fileEncoding = 4; lastKnownFileType = sourcecode.c.h; name = config.h; path = "3th_party/jsoncpp-1.6.5/include/json/config.h"; sourceTree = "<group>"; };
		A24D800A1BFD791A00143462 /* features.h */ = {isa = PBXFileReference; fileEncoding = 4; lastKnownFileType = sourcecode.c.h; name = features.h; path = "3th_party/jsoncpp-1.6.5/include/json/features.h"; sourceTree = "<group>"; };
		A24D800B1BFD791A00143462 /* forwards.h */ = {isa = PBXFileReference; fileEncoding = 4; lastKnownFileType = sourcecode.c.h; name = forwards.h; path = "3th_party/jsoncpp-1.6.5/include/json/forwards.h"; sourceTree = "<group>"; };
		A24D800C1BFD791A00143462 /* json.h */ = {isa = PBXFileReference; fileEncoding = 4; lastKnownFileType = sourcecode.c.h; name = json.h; path = "3th_party/jsoncpp-1.6.5/include/json/json.h"; sourceTree = "<group>"; };
		A24D800D1BFD791A00143462 /* reader.h */ = {isa = PBXFileReference; fileEncoding = 4; lastKnownFileType = sourcecode.c.h; name = reader.h; path = "3th_party/jsoncpp-1.6.5/include/json/reader.h"; sourceTree = "<group>"; };
		A24D800E1BFD791A00143462 /* value.h */ = {isa = PBXFileReference; fileEncoding = 4; lastKnownFileType = sourcecode.c.h; name = value.h; path = "3th_party/jsoncpp-1.6.5/include/json/value.h"; sourceTree = "<group>"; };
		A24D800F1BFD791A00143462 /* version.h */ = {isa = PBXFileReference; fileEncoding = 4; lastKnownFileType = sourcecode.c.h; name = version.h; path = "3th_party/jsoncpp-1.6.5/include/json/version.h"; sourceTree = "<group>"; };
		A24D80101BFD791A00143462 /* writer.h */ = {isa = PBXFileReference; fileEncoding = 4; lastKnownFileType = sourcecode.c.h; name = writer.h; path = "3th_party/jsoncpp-1.6.5/include/json/writer.h"; sourceTree = "<group>"; };
		A24D80121BFD796E00143462 /* json_reader.cpp */ = {isa = PBXFileReference; fileEncoding = 4; lastKnownFileType = sourcecode.cpp.cpp; name = json_reader.cpp; path = "3th_party/jsoncpp-1.6.5/src/lib_json/json_reader.cpp"; sourceTree = "<group>"; };
		A24D80131BFD796E00143462 /* json_value.cpp */ = {isa = PBXFileReference; fileEncoding = 4; lastKnownFileType = sourcecode.cpp.cpp; name = json_value.cpp; path = "3th_party/jsoncpp-1.6.5/src/lib_json/json_value.cpp"; sourceTree = "<group>"; };
		A24D80141BFD796E00143462 /* json_writer.cpp */ = {isa = PBXFileReference; fileEncoding = 4; lastKnownFileType = sourcecode.cpp.cpp; name = json_writer.cpp; path = "3th_party/jsoncpp-1.6.5/src/lib_json/json_writer.cpp"; sourceTree = "<group>"; };
		A24D80181BFD799400143462 /* json_tool.h */ = {isa = PBXFileReference; fileEncoding = 4; lastKnownFileType = sourcecode.c.h; name = json_tool.h; path = "3th_party/jsoncpp-1.6.5/src/lib_json/json_tool.h"; sourceTree = "<group>"; };
		A24FBA461C07143100EF516E /* libcurlpp.a */ = {isa = PBXFileReference; lastKnownFileType = archive.ar; name = libcurlpp.a; path = "RDTServer/3th_party/curlpp-0.7.3/Librarys/libcurlpp.a"; sourceTree = "<group>"; };
		A24FBA481C07144400EF516E /* libutilspp.a */ = {isa = PBXFileReference; lastKnownFileType = archive.ar; name = libutilspp.a; path = "RDTServer/3th_party/curlpp-0.7.3/Librarys/libutilspp.a"; sourceTree = "<group>"; };
		A256252B1C3CFB250036692B /* MQTTEthernet.h */ = {isa = PBXFileReference; fileEncoding = 4; lastKnownFileType = sourcecode.c.h; path = MQTTEthernet.h; sourceTree = "<group>"; };
		A256252C1C3CFB250036692B /* MQTTSocket.h */ = {isa = PBXFileReference; fileEncoding = 4; lastKnownFileType = sourcecode.c.h; path = MQTTSocket.h; sourceTree = "<group>"; };
		A256252E1C3CFB310036692B /* Countdown.h */ = {isa = PBXFileReference; fileEncoding = 4; lastKnownFileType = sourcecode.c.h; path = Countdown.h; sourceTree = "<group>"; };
		A256252F1C3CFB310036692B /* IPStack.h */ = {isa = PBXFileReference; fileEncoding = 4; lastKnownFileType = sourcecode.c.h; path = IPStack.h; sourceTree = "<group>"; };
		A25625301C3CFB310036692B /* WifiIPStack.h */ = {isa = PBXFileReference; fileEncoding = 4; lastKnownFileType = sourcecode.c.h; path = WifiIPStack.h; sourceTree = "<group>"; };
		A26FB6F21C636627007E3648 /* libDeviceAPI.a */ = {isa = PBXFileReference; lastKnownFileType = archive.ar; name = libDeviceAPI.a; path = RDTServer/lib/mac/libDeviceAPI.a; sourceTree = "<group>"; };
		A27836281C3B8A6500283F81 /* FP.h */ = {isa = PBXFileReference; fileEncoding = 4; lastKnownFileType = sourcecode.c.h; name = FP.h; path = RDTServer/3th_party/Paho_MQTT/MQTTClient/FP.h; sourceTree = "<group>"; };
		A27836291C3B8A6500283F81 /* MQTTClient.h */ = {isa = PBXFileReference; fileEncoding = 4; lastKnownFileType = sourcecode.c.h; name = MQTTClient.h; path = RDTServer/3th_party/Paho_MQTT/MQTTClient/MQTTClient.h; sourceTree = "<group>"; };
		A278362A1C3B8A6500283F81 /* MQTTLogging.h */ = {isa = PBXFileReference; fileEncoding = 4; lastKnownFileType = sourcecode.c.h; name = MQTTLogging.h; path = RDTServer/3th_party/Paho_MQTT/MQTTClient/MQTTLogging.h; sourceTree = "<group>"; };
		A278362C1C3B8A9700283F81 /* MQTTConnect.h */ = {isa = PBXFileReference; fileEncoding = 4; lastKnownFileType = sourcecode.c.h; name = MQTTConnect.h; path = RDTServer/3th_party/Paho_MQTT/MQTTPacket/src/MQTTConnect.h; sourceTree = "<group>"; };
		A278362D1C3B8A9700283F81 /* MQTTConnectClient.c */ = {isa = PBXFileReference; fileEncoding = 4; lastKnownFileType = sourcecode.c.c; name = MQTTConnectClient.c; path = RDTServer/3th_party/Paho_MQTT/MQTTPacket/src/MQTTConnectClient.c; sourceTree = "<group>"; };
		A278362E1C3B8A9700283F81 /* MQTTConnectServer.c */ = {isa = PBXFileReference; fileEncoding = 4; lastKnownFileType = sourcecode.c.c; name = MQTTConnectServer.c; path = RDTServer/3th_party/Paho_MQTT/MQTTPacket/src/MQTTConnectServer.c; sourceTree = "<group>"; };
		A278362F1C3B8A9700283F81 /* MQTTDeserializePublish.c */ = {isa = PBXFileReference; fileEncoding = 4; lastKnownFileType = sourcecode.c.c; name = MQTTDeserializePublish.c; path = RDTServer/3th_party/Paho_MQTT/MQTTPacket/src/MQTTDeserializePublish.c; sourceTree = "<group>"; };
		A27836301C3B8A9700283F81 /* MQTTFormat.c */ = {isa = PBXFileReference; fileEncoding = 4; lastKnownFileType = sourcecode.c.c; name = MQTTFormat.c; path = RDTServer/3th_party/Paho_MQTT/MQTTPacket/src/MQTTFormat.c; sourceTree = "<group>"; };
		A27836311C3B8A9700283F81 /* MQTTFormat.h */ = {isa = PBXFileReference; fileEncoding = 4; lastKnownFileType = sourcecode.c.h; name = MQTTFormat.h; path = RDTServer/3th_party/Paho_MQTT/MQTTPacket/src/MQTTFormat.h; sourceTree = "<group>"; };
		A27836321C3B8A9700283F81 /* MQTTPacket.c */ = {isa = PBXFileReference; fileEncoding = 4; lastKnownFileType = sourcecode.c.c; name = MQTTPacket.c; path = RDTServer/3th_party/Paho_MQTT/MQTTPacket/src/MQTTPacket.c; sourceTree = "<group>"; };
		A27836331C3B8A9700283F81 /* MQTTPacket.h */ = {isa = PBXFileReference; fileEncoding = 4; lastKnownFileType = sourcecode.c.h; name = MQTTPacket.h; path = RDTServer/3th_party/Paho_MQTT/MQTTPacket/src/MQTTPacket.h; sourceTree = "<group>"; };
		A27836341C3B8A9700283F81 /* MQTTPublish.h */ = {isa = PBXFileReference; fileEncoding = 4; lastKnownFileType = sourcecode.c.h; name = MQTTPublish.h; path = RDTServer/3th_party/Paho_MQTT/MQTTPacket/src/MQTTPublish.h; sourceTree = "<group>"; };
		A27836351C3B8A9700283F81 /* MQTTSerializePublish.c */ = {isa = PBXFileReference; fileEncoding = 4; lastKnownFileType = sourcecode.c.c; name = MQTTSerializePublish.c; path = RDTServer/3th_party/Paho_MQTT/MQTTPacket/src/MQTTSerializePublish.c; sourceTree = "<group>"; };
		A27836361C3B8A9700283F81 /* MQTTSubscribe.h */ = {isa = PBXFileReference; fileEncoding = 4; lastKnownFileType = sourcecode.c.h; name = MQTTSubscribe.h; path = RDTServer/3th_party/Paho_MQTT/MQTTPacket/src/MQTTSubscribe.h; sourceTree = "<group>"; };
		A27836371C3B8A9700283F81 /* MQTTSubscribeClient.c */ = {isa = PBXFileReference; fileEncoding = 4; lastKnownFileType = sourcecode.c.c; name = MQTTSubscribeClient.c; path = RDTServer/3th_party/Paho_MQTT/MQTTPacket/src/MQTTSubscribeClient.c; sourceTree = "<group>"; };
		A27836381C3B8A9700283F81 /* MQTTSubscribeServer.c */ = {isa = PBXFileReference; fileEncoding = 4; lastKnownFileType = sourcecode.c.c; name = MQTTSubscribeServer.c; path = RDTServer/3th_party/Paho_MQTT/MQTTPacket/src/MQTTSubscribeServer.c; sourceTree = "<group>"; };
		A27836391C3B8A9700283F81 /* MQTTUnsubscribe.h */ = {isa = PBXFileReference; fileEncoding = 4; lastKnownFileType = sourcecode.c.h; name = MQTTUnsubscribe.h; path = RDTServer/3th_party/Paho_MQTT/MQTTPacket/src/MQTTUnsubscribe.h; sourceTree = "<group>"; };
		A278363A1C3B8A9700283F81 /* MQTTUnsubscribeClient.c */ = {isa = PBXFileReference; fileEncoding = 4; lastKnownFileType = sourcecode.c.c; name = MQTTUnsubscribeClient.c; path = RDTServer/3th_party/Paho_MQTT/MQTTPacket/src/MQTTUnsubscribeClient.c; sourceTree = "<group>"; };
		A278363B1C3B8A9700283F81 /* MQTTUnsubscribeServer.c */ = {isa = PBXFileReference; fileEncoding = 4; lastKnownFileType = sourcecode.c.c; name = MQTTUnsubscribeServer.c; path = RDTServer/3th_party/Paho_MQTT/MQTTPacket/src/MQTTUnsubscribeServer.c; sourceTree = "<group>"; };
		A278363C1C3B8A9700283F81 /* StackTrace.h */ = {isa = PBXFileReference; fileEncoding = 4; lastKnownFileType = sourcecode.c.h; name = StackTrace.h; path = RDTServer/3th_party/Paho_MQTT/MQTTPacket/src/StackTrace.h; sourceTree = "<group>"; };
		A27836481C3B8AC900283F81 /* linux.h */ = {isa = PBXFileReference; fileEncoding = 4; lastKnownFileType = sourcecode.c.h; name = linux.h; path = RDTServer/3th_party/Paho_MQTT/MQTTClient/linux/linux.h; sourceTree = "<group>"; };
		A2913CF91C6348ED00AF81AF /* CMakeLists.txt */ = {isa = PBXFileReference; lastKnownFileType = text; name = CMakeLists.txt; path = DeviceAPI/CMakeLists.txt; sourceTree = "<group>"; };
		A2BED2EC1C71769300AF9D4E /* Body.cpp */ = {isa = PBXFileReference; fileEncoding = 4; lastKnownFileType = sourcecode.cpp.cpp; name = Body.cpp; path = Targate/TUTKDevice/Body.cpp; sourceTree = "<group>"; };
		A2BED2ED1C71769300AF9D4E /* Body.hpp */ = {isa = PBXFileReference; fileEncoding = 4; lastKnownFileType = sourcecode.cpp.h; name = Body.hpp; path = Targate/TUTKDevice/Body.hpp; sourceTree = "<group>"; };
		A2BED2EE1C71769300AF9D4E /* JsonRDTClientDevice.cpp */ = {isa = PBXFileReference; fileEncoding = 4; lastKnownFileType = sourcecode.cpp.cpp; name = JsonRDTClientDevice.cpp; path = Targate/TUTKDevice/JsonRDTClientDevice.cpp; sourceTree = "<group>"; };
		A2BED2EF1C71769300AF9D4E /* JsonRDTClientDevice.hpp */ = {isa = PBXFileReference; fileEncoding = 4; lastKnownFileType = sourcecode.cpp.h; name = JsonRDTClientDevice.hpp; path = Targate/TUTKDevice/JsonRDTClientDevice.hpp; sourceTree = "<group>"; };
		A2BED2F01C71769300AF9D4E /* main.cpp */ = {isa = PBXFileReference; fileEncoding = 4; lastKnownFileType = sourcecode.cpp.cpp; name = main.cpp; path = Targate/TUTKDevice/main.cpp; sourceTree = "<group>"; };
		A2BED2F11C71769300AF9D4E /* SampoDevice.cpp */ = {isa = PBXFileReference; fileEncoding = 4; lastKnownFileType = sourcecode.cpp.cpp; name = SampoDevice.cpp; path = Targate/TUTKDevice/SampoDevice.cpp; sourceTree = "<group>"; };
		A2BED2F21C71769300AF9D4E /* SampoDevice.hpp */ = {isa = PBXFileReference; fileEncoding = 4; lastKnownFileType = sourcecode.cpp.h; name = SampoDevice.hpp; path = Targate/TUTKDevice/SampoDevice.hpp; sourceTree = "<group>"; };
		A2BED2F31C71769300AF9D4E /* TUTKDoorDevice.cpp */ = {isa = PBXFileReference; fileEncoding = 4; lastKnownFileType = sourcecode.cpp.cpp; name = TUTKDoorDevice.cpp; path = Targate/TUTKDevice/TUTKDoorDevice.cpp; sourceTree = "<group>"; };
		A2BED2F41C71769300AF9D4E /* TUTKDoorDevice.hpp */ = {isa = PBXFileReference; fileEncoding = 4; lastKnownFileType = sourcecode.cpp.h; name = TUTKDoorDevice.hpp; path = Targate/TUTKDevice/TUTKDoorDevice.hpp; sourceTree = "<group>"; };
		A2BED2F51C71769300AF9D4E /* TUTKDoorEnum.hpp */ = {isa = PBXFileReference; fileEncoding = 4; lastKnownFileType = sourcecode.cpp.h; name = TUTKDoorEnum.hpp; path = Targate/TUTKDevice/TUTKDoorEnum.hpp; sourceTree = "<group>"; };
		A2BED2F61C71769300AF9D4E /* TUTKGasDevice.cpp */ = {isa = PBXFileReference; fileEncoding = 4; lastKnownFileType = sourcecode.cpp.cpp; name = TUTKGasDevice.cpp; path = Targate/TUTKDevice/TUTKGasDevice.cpp; sourceTree = "<group>"; };
		A2BED2F71C71769300AF9D4E /* TUTKGasDevice.hpp */ = {isa = PBXFileReference; fileEncoding = 4; lastKnownFileType = sourcecode.cpp.h; name = TUTKGasDevice.hpp; path = Targate/TUTKDevice/TUTKGasDevice.hpp; sourceTree = "<group>"; };
		A2BED2F81C71769300AF9D4E /* TUTKGasEnum.hpp */ = {isa = PBXFileReference; fileEncoding = 4; lastKnownFileType = sourcecode.cpp.h; name = TUTKGasEnum.hpp; path = Targate/TUTKDevice/TUTKGasEnum.hpp; sourceTree = "<group>"; };
		A2BED2F91C71769300AF9D4E /* TUTKGatewayDevice.cpp */ = {isa = PBXFileReference; fileEncoding = 4; lastKnownFileType = sourcecode.cpp.cpp; name = TUTKGatewayDevice.cpp; path = Targate/TUTKDevice/TUTKGatewayDevice.cpp; sourceTree = "<group>"; };
		A2BED2FA1C71769300AF9D4E /* TUTKGatewayDevice.hpp */ = {isa = PBXFileReference; fileEncoding = 4; lastKnownFileType = sourcecode.cpp.h; name = TUTKGatewayDevice.hpp; path = Targate/TUTKDevice/TUTKGatewayDevice.hpp; sourceTree = "<group>"; };
		A2BED2FB1C71769300AF9D4E /* TUTKGatewayEnum.hpp */ = {isa = PBXFileReference; fileEncoding = 4; lastKnownFileType = sourcecode.cpp.h; name = TUTKGatewayEnum.hpp; path = Targate/TUTKDevice/TUTKGatewayEnum.hpp; sourceTree = "<group>"; };
		A2BED2FC1C71769300AF9D4E /* TUTKLightingDevice.cpp */ = {isa = PBXFileReference; fileEncoding = 4; lastKnownFileType = sourcecode.cpp.cpp; name = TUTKLightingDevice.cpp; path = Targate/TUTKDevice/TUTKLightingDevice.cpp; sourceTree = "<group>"; };
		A2BED2FD1C71769300AF9D4E /* TUTKLightingDevice.hpp */ = {isa = PBXFileReference; fileEncoding = 4; lastKnownFileType = sourcecode.cpp.h; name = TUTKLightingDevice.hpp; path = Targate/TUTKDevice/TUTKLightingDevice.hpp; sourceTree = "<group>"; };
		A2BED2FE1C71769300AF9D4E /* TUTKLightingEnum.hpp */ = {isa = PBXFileReference; fileEncoding = 4; lastKnownFileType = sourcecode.cpp.h; name = TUTKLightingEnum.hpp; path = Targate/TUTKDevice/TUTKLightingEnum.hpp; sourceTree = "<group>"; };
		A2BED2FF1C71769300AF9D4E /* TUTKPIRDevice.cpp */ = {isa = PBXFileReference; fileEncoding = 4; lastKnownFileType = sourcecode.cpp.cpp; name = TUTKPIRDevice.cpp; path = Targate/TUTKDevice/TUTKPIRDevice.cpp; sourceTree = "<group>"; };
		A2BED3001C71769300AF9D4E /* TUTKPIRDevice.hpp */ = {isa = PBXFileReference; fileEncoding = 4; lastKnownFileType = sourcecode.cpp.h; name = TUTKPIRDevice.hpp; path = Targate/TUTKDevice/TUTKPIRDevice.hpp; sourceTree = "<group>"; };
		A2BED3011C71769300AF9D4E /* TUTKPIREnum.hpp */ = {isa = PBXFileReference; fileEncoding = 4; lastKnownFileType = sourcecode.cpp.h; name = TUTKPIREnum.hpp; path = Targate/TUTKDevice/TUTKPIREnum.hpp; sourceTree = "<group>"; };
		A2BED3021C71769300AF9D4E /* TUTKPlugDevice.cpp */ = {isa = PBXFileReference; fileEncoding = 4; lastKnownFileType = sourcecode.cpp.cpp; name = TUTKPlugDevice.cpp; path = Targate/TUTKDevice/TUTKPlugDevice.cpp; sourceTree = "<group>"; };
		A2BED3031C71769300AF9D4E /* TUTKPlugDevice.hpp */ = {isa = PBXFileReference; fileEncoding = 4; lastKnownFileType = sourcecode.cpp.h; name = TUTKPlugDevice.hpp; path = Targate/TUTKDevice/TUTKPlugDevice.hpp; sourceTree = "<group>"; };
		A2BED3041C71769300AF9D4E /* TUTKPlugEnum.hpp */ = {isa = PBXFileReference; fileEncoding = 4; lastKnownFileType = sourcecode.cpp.h; name = TUTKPlugEnum.hpp; path = Targate/TUTKDevice/TUTKPlugEnum.hpp; sourceTree = "<group>"; };
		A2BED3051C71769300AF9D4E /* TUTKSampoEnum.hpp */ = {isa = PBXFileReference; fileEncoding = 4; lastKnownFileType = sourcecode.cpp.h; name = TUTKSampoEnum.hpp; path = Targate/TUTKDevice/TUTKSampoEnum.hpp; sourceTree = "<group>"; };
		A2BED3061C71769300AF9D4E /* TUTKSirenDevice.cpp */ = {isa = PBXFileReference; fileEncoding = 4; lastKnownFileType = sourcecode.cpp.cpp; name = TUTKSirenDevice.cpp; path = Targate/TUTKDevice/TUTKSirenDevice.cpp; sourceTree = "<group>"; };
		A2BED3071C71769300AF9D4E /* TUTKSirenDevice.hpp */ = {isa = PBXFileReference; fileEncoding = 4; lastKnownFileType = sourcecode.cpp.h; name = TUTKSirenDevice.hpp; path = Targate/TUTKDevice/TUTKSirenDevice.hpp; sourceTree = "<group>"; };
		A2BED3081C71769300AF9D4E /* TUTKSirenEnum.hpp */ = {isa = PBXFileReference; fileEncoding = 4; lastKnownFileType = sourcecode.cpp.h; name = TUTKSirenEnum.hpp; path = Targate/TUTKDevice/TUTKSirenEnum.hpp; sourceTree = "<group>"; };
		A2BED3091C71769300AF9D4E /* TUTKSmokeDevice.cpp */ = {isa = PBXFileReference; fileEncoding = 4; lastKnownFileType = sourcecode.cpp.cpp; name = TUTKSmokeDevice.cpp; path = Targate/TUTKDevice/TUTKSmokeDevice.cpp; sourceTree = "<group>"; };
		A2BED30A1C71769300AF9D4E /* TUTKSmokeDevice.hpp */ = {isa = PBXFileReference; fileEncoding = 4; lastKnownFileType = sourcecode.cpp.h; name = TUTKSmokeDevice.hpp; path = Targate/TUTKDevice/TUTKSmokeDevice.hpp; sourceTree = "<group>"; };
		A2BED30B1C71769300AF9D4E /* TUTKSmokeEnum.hpp */ = {isa = PBXFileReference; fileEncoding = 4; lastKnownFileType = sourcecode.cpp.h; name = TUTKSmokeEnum.hpp; path = Targate/TUTKDevice/TUTKSmokeEnum.hpp; sourceTree = "<group>"; };
		A2BED30C1C71769300AF9D4E /* TUTKVibrateDevice.cpp */ = {isa = PBXFileReference; fileEncoding = 4; lastKnownFileType = sourcecode.cpp.cpp; name = TUTKVibrateDevice.cpp; path = Targate/TUTKDevice/TUTKVibrateDevice.cpp; sourceTree = "<group>"; };
		A2BED30D1C71769300AF9D4E /* TUTKVibrateDevice.hpp */ = {isa = PBXFileReference; fileEncoding = 4; lastKnownFileType = sourcecode.cpp.h; name = TUTKVibrateDevice.hpp; path = Targate/TUTKDevice/TUTKVibrateDevice.hpp; sourceTree = "<group>"; };
		A2BED30E1C71769300AF9D4E /* TUTKVibrateEnum.hpp */ = {isa = PBXFileReference; fileEncoding = 4; lastKnownFileType = sourcecode.cpp.h; name = TUTKVibrateEnum.hpp; path = Targate/TUTKDevice/TUTKVibrateEnum.hpp; sourceTree = "<group>"; };
		A2BED30F1C71769300AF9D4E /* TUTKWaterLeakDevice.cpp */ = {isa = PBXFileReference; fileEncoding = 4; lastKnownFileType = sourcecode.cpp.cpp; name = TUTKWaterLeakDevice.cpp; path = Targate/TUTKDevice/TUTKWaterLeakDevice.cpp; sourceTree = "<group>"; };
		A2BED3101C71769300AF9D4E /* TUTKWaterLeakDevice.hpp */ = {isa = PBXFileReference; fileEncoding = 4; lastKnownFileType = sourcecode.cpp.h; name = TUTKWaterLeakDevice.hpp; path = Targate/TUTKDevice/TUTKWaterLeakDevice.hpp; sourceTree = "<group>"; };
		A2BED3111C71769300AF9D4E /* TUTKWaterLeakEnum.hpp */ = {isa = PBXFileReference; fileEncoding = 4; lastKnownFileType = sourcecode.cpp.h; name = TUTKWaterLeakEnum.hpp; path = Targate/TUTKDevice/TUTKWaterLeakEnum.hpp; sourceTree = "<group>"; };
		A2BED3121C71769300AF9D4E /* ZhongHanDevice.cpp */ = {isa = PBXFileReference; fileEncoding = 4; lastKnownFileType = sourcecode.cpp.cpp; name = ZhongHanDevice.cpp; path = Targate/TUTKDevice/ZhongHanDevice.cpp; sourceTree = "<group>"; };
		A2BED3131C71769300AF9D4E /* ZhongHanDevice.hpp */ = {isa = PBXFileReference; fileEncoding = 4; lastKnownFileType = sourcecode.cpp.h; name = ZhongHanDevice.hpp; path = Targate/TUTKDevice/ZhongHanDevice.hpp; sourceTree = "<group>"; };
		A2BED3231C71770000AF9D4E /* CMakeLists.txt */ = {isa = PBXFileReference; lastKnownFileType = text; name = CMakeLists.txt; path = Targate/TUTKDevice/CMakeLists.txt; sourceTree = "<group>"; };
		A2BED3891C71AFF100AF9D4E /* DeviceAPI.xcodeproj */ = {isa = PBXFileReference; lastKnownFileType = "wrapper.pb-project"; path = DeviceAPI.xcodeproj; sourceTree = "<group>"; };
		A2BF717A1AC95A4600379199 /* TUTKDevice */ = {isa = PBXFileReference; explicitFileType = "compiled.mach-o.executable"; includeInIndex = 0; path = TUTKDevice; sourceTree = BUILT_PRODUCTS_DIR; };
/* End PBXFileReference section */

/* Begin PBXFrameworksBuildPhase section */
		A2BF71771AC95A4600379199 /* Frameworks */ = {
			isa = PBXFrameworksBuildPhase;
			buildActionMask = 2147483647;
			files = (
				A2BED3911C71B01A00AF9D4E /* libDeviceAPI.a in Frameworks */,
				A24FBA491C07144400EF516E /* libutilspp.a in Frameworks */,
				A24FBA471C07143100EF516E /* libcurlpp.a in Frameworks */,
			);
			runOnlyForDeploymentPostprocessing = 0;
		};
/* End PBXFrameworksBuildPhase section */

/* Begin PBXGroup section */
		A20067EE1C61FADF00FEEA08 /* Other */ = {
			isa = PBXGroup;
			children = (
				A2913CF71C6335C900AF81AF /* TUTKDevice */,
				A2913CF81C6335CF00AF81AF /* DeviceAPI */,
				A20067EF1C61FAF900FEEA08 /* runClient.sh */,
				A20067F01C61FAF900FEEA08 /* runServer.sh */,
				A20067F11C61FCC300FEEA08 /* CMakeLists.txt */,
			);
			name = Other;
			path = RDTServer;
			sourceTree = "<group>";
		};
		A24D7FF81BFD6DB600143462 /* 3th Party */ = {
			isa = PBXGroup;
			children = (
				A27836201C3B765500283F81 /* Paho_MQTT */,
				A24FBA4A1C07145000EF516E /* Librarys */,
				A24D80061BFD790900143462 /* jsoncpp */,
			);
			name = "3th Party";
			sourceTree = "<group>";
		};
		A24D80061BFD790900143462 /* jsoncpp */ = {
			isa = PBXGroup;
			children = (
				A24D80071BFD791A00143462 /* assertions.h */,
				A24D80081BFD791A00143462 /* autolink.h */,
				A24D80091BFD791A00143462 /* config.h */,
				A24D800A1BFD791A00143462 /* features.h */,
				A24D800B1BFD791A00143462 /* forwards.h */,
				A24D800C1BFD791A00143462 /* json.h */,
				A24D800D1BFD791A00143462 /* reader.h */,
				A24D800E1BFD791A00143462 /* value.h */,
				A24D800F1BFD791A00143462 /* version.h */,
				A24D80101BFD791A00143462 /* writer.h */,
				A24D80181BFD799400143462 /* json_tool.h */,
				A24D80121BFD796E00143462 /* json_reader.cpp */,
				A24D80131BFD796E00143462 /* json_value.cpp */,
				A24D80141BFD796E00143462 /* json_writer.cpp */,
			);
			name = jsoncpp;
			path = RDTServer;
			sourceTree = "<group>";
		};
		A24F5A521C05BD18004D7764 /* TUTK */ = {
			isa = PBXGroup;
			children = (
				A2BED2F51C71769300AF9D4E /* TUTKDoorEnum.hpp */,
				A2BED2F41C71769300AF9D4E /* TUTKDoorDevice.hpp */,
				A2BED2F31C71769300AF9D4E /* TUTKDoorDevice.cpp */,
				A2BED2F81C71769300AF9D4E /* TUTKGasEnum.hpp */,
				A2BED2F71C71769300AF9D4E /* TUTKGasDevice.hpp */,
				A2BED2F61C71769300AF9D4E /* TUTKGasDevice.cpp */,
				A2BED2FB1C71769300AF9D4E /* TUTKGatewayEnum.hpp */,
				A2BED2FA1C71769300AF9D4E /* TUTKGatewayDevice.hpp */,
				A2BED2F91C71769300AF9D4E /* TUTKGatewayDevice.cpp */,
				A2BED2FE1C71769300AF9D4E /* TUTKLightingEnum.hpp */,
				A2BED2FD1C71769300AF9D4E /* TUTKLightingDevice.hpp */,
				A2BED2FC1C71769300AF9D4E /* TUTKLightingDevice.cpp */,
				A2BED3011C71769300AF9D4E /* TUTKPIREnum.hpp */,
				A2BED3001C71769300AF9D4E /* TUTKPIRDevice.hpp */,
				A2BED2FF1C71769300AF9D4E /* TUTKPIRDevice.cpp */,
				A2BED3041C71769300AF9D4E /* TUTKPlugEnum.hpp */,
				A2BED3031C71769300AF9D4E /* TUTKPlugDevice.hpp */,
				A2BED3021C71769300AF9D4E /* TUTKPlugDevice.cpp */,
				A2BED3081C71769300AF9D4E /* TUTKSirenEnum.hpp */,
				A2BED3071C71769300AF9D4E /* TUTKSirenDevice.hpp */,
				A2BED3061C71769300AF9D4E /* TUTKSirenDevice.cpp */,
				A2BED30B1C71769300AF9D4E /* TUTKSmokeEnum.hpp */,
				A2BED30A1C71769300AF9D4E /* TUTKSmokeDevice.hpp */,
				A2BED3091C71769300AF9D4E /* TUTKSmokeDevice.cpp */,
				A2BED30E1C71769300AF9D4E /* TUTKVibrateEnum.hpp */,
				A2BED30D1C71769300AF9D4E /* TUTKVibrateDevice.hpp */,
				A2BED30C1C71769300AF9D4E /* TUTKVibrateDevice.cpp */,
				A2BED3111C71769300AF9D4E /* TUTKWaterLeakEnum.hpp */,
				A2BED3101C71769300AF9D4E /* TUTKWaterLeakDevice.hpp */,
				A2BED30F1C71769300AF9D4E /* TUTKWaterLeakDevice.cpp */,
			);
			name = TUTK;
			sourceTree = "<group>";
		};
		A24FBA4A1C07145000EF516E /* Librarys */ = {
			isa = PBXGroup;
			children = (
				A26FB6F21C636627007E3648 /* libDeviceAPI.a */,
				A24FBA481C07144400EF516E /* libutilspp.a */,
				A24FBA461C07143100EF516E /* libcurlpp.a */,
			);
			name = Librarys;
			sourceTree = "<group>";
		};
		A256252A1C3CFB250036692B /* mbed */ = {
			isa = PBXGroup;
			children = (
				A256252B1C3CFB250036692B /* MQTTEthernet.h */,
				A256252C1C3CFB250036692B /* MQTTSocket.h */,
			);
			name = mbed;
			path = RDTServer/3th_party/Paho_MQTT/MQTTClient/mbed;
			sourceTree = "<group>";
		};
		A256252D1C3CFB310036692B /* arduino */ = {
			isa = PBXGroup;
			children = (
				A256252E1C3CFB310036692B /* Countdown.h */,
				A256252F1C3CFB310036692B /* IPStack.h */,
				A25625301C3CFB310036692B /* WifiIPStack.h */,
			);
			name = arduino;
			path = RDTServer/3th_party/Paho_MQTT/MQTTClient/arduino;
			sourceTree = "<group>";
		};
		A27836201C3B765500283F81 /* Paho_MQTT */ = {
			isa = PBXGroup;
			children = (
				A278362B1C3B8A6F00283F81 /* MQTTPacket */,
				A27836271C3B8A5200283F81 /* MQTTClient */,
			);
			name = Paho_MQTT;
			sourceTree = "<group>";
		};
		A27836271C3B8A5200283F81 /* MQTTClient */ = {
			isa = PBXGroup;
			children = (
				A256252D1C3CFB310036692B /* arduino */,
				A256252A1C3CFB250036692B /* mbed */,
				A27836471C3B8ABF00283F81 /* linux */,
				A27836281C3B8A6500283F81 /* FP.h */,
				A27836291C3B8A6500283F81 /* MQTTClient.h */,
				A278362A1C3B8A6500283F81 /* MQTTLogging.h */,
			);
			name = MQTTClient;
			sourceTree = "<group>";
		};
		A278362B1C3B8A6F00283F81 /* MQTTPacket */ = {
			isa = PBXGroup;
			children = (
				A278362C1C3B8A9700283F81 /* MQTTConnect.h */,
				A278362D1C3B8A9700283F81 /* MQTTConnectClient.c */,
				A278362E1C3B8A9700283F81 /* MQTTConnectServer.c */,
				A278362F1C3B8A9700283F81 /* MQTTDeserializePublish.c */,
				A27836301C3B8A9700283F81 /* MQTTFormat.c */,
				A27836311C3B8A9700283F81 /* MQTTFormat.h */,
				A27836321C3B8A9700283F81 /* MQTTPacket.c */,
				A27836331C3B8A9700283F81 /* MQTTPacket.h */,
				A27836341C3B8A9700283F81 /* MQTTPublish.h */,
				A27836351C3B8A9700283F81 /* MQTTSerializePublish.c */,
				A27836361C3B8A9700283F81 /* MQTTSubscribe.h */,
				A27836371C3B8A9700283F81 /* MQTTSubscribeClient.c */,
				A27836381C3B8A9700283F81 /* MQTTSubscribeServer.c */,
				A27836391C3B8A9700283F81 /* MQTTUnsubscribe.h */,
				A278363A1C3B8A9700283F81 /* MQTTUnsubscribeClient.c */,
				A278363B1C3B8A9700283F81 /* MQTTUnsubscribeServer.c */,
				A278363C1C3B8A9700283F81 /* StackTrace.h */,
			);
			name = MQTTPacket;
			sourceTree = "<group>";
		};
		A27836471C3B8ABF00283F81 /* linux */ = {
			isa = PBXGroup;
			children = (
				A27836481C3B8AC900283F81 /* linux.h */,
			);
			name = linux;
			sourceTree = "<group>";
		};
		A2913CF71C6335C900AF81AF /* TUTKDevice */ = {
			isa = PBXGroup;
			children = (
				A2BED3231C71770000AF9D4E /* CMakeLists.txt */,
			);
			name = TUTKDevice;
			sourceTree = "<group>";
		};
		A2913CF81C6335CF00AF81AF /* DeviceAPI */ = {
			isa = PBXGroup;
			children = (
				A2913CF91C6348ED00AF81AF /* CMakeLists.txt */,
			);
			name = DeviceAPI;
			sourceTree = "<group>";
		};
		A2BED38A1C71AFF100AF9D4E /* Products */ = {
			isa = PBXGroup;
			children = (
				A2BED38E1C71AFF100AF9D4E /* libDeviceAPI.a */,
			);
			name = Products;
			sourceTree = "<group>";
		};
		A2BF71711AC95A4600379199 = {
			isa = PBXGroup;
			children = (
				A2BED3891C71AFF100AF9D4E /* DeviceAPI.xcodeproj */,
				A2BF717C1AC95A4600379199 /* TUTKDevice */,
				A20067EE1C61FADF00FEEA08 /* Other */,
				A24D7FF81BFD6DB600143462 /* 3th Party */,
				A2BF717B1AC95A4600379199 /* Products */,
			);
			sourceTree = "<group>";
		};
		A2BF717B1AC95A4600379199 /* Products */ = {
			isa = PBXGroup;
			children = (
				A2BF717A1AC95A4600379199 /* TUTKDevice */,
			);
			name = Products;
			sourceTree = "<group>";
		};
		A2BF717C1AC95A4600379199 /* TUTKDevice */ = {
			isa = PBXGroup;
			children = (
				A2BED2F01C71769300AF9D4E /* main.cpp */,
				A2BED2ED1C71769300AF9D4E /* Body.hpp */,
				A2BED2EC1C71769300AF9D4E /* Body.cpp */,
				A2EB62921B3293D800D7553C /* Devices */,
			);
			name = TUTKDevice;
			path = RDTServer;
			sourceTree = "<group>";
		};
		A2EB62921B3293D800D7553C /* Devices */ = {
			isa = PBXGroup;
			children = (
				A2BED2EF1C71769300AF9D4E /* JsonRDTClientDevice.hpp */,
				A2BED2EE1C71769300AF9D4E /* JsonRDTClientDevice.cpp */,
				A2BED3051C71769300AF9D4E /* TUTKSampoEnum.hpp */,
				A2BED2F21C71769300AF9D4E /* SampoDevice.hpp */,
				A2BED2F11C71769300AF9D4E /* SampoDevice.cpp */,
				A2BED3131C71769300AF9D4E /* ZhongHanDevice.hpp */,
				A2BED3121C71769300AF9D4E /* ZhongHanDevice.cpp */,
				A24F5A521C05BD18004D7764 /* TUTK */,
			);
			name = Devices;
			sourceTree = "<group>";
		};
/* End PBXGroup section */

/* Begin PBXNativeTarget section */
		A2BF71791AC95A4600379199 /* TUTKDevice */ = {
			isa = PBXNativeTarget;
			buildConfigurationList = A2BF71811AC95A4600379199 /* Build configuration list for PBXNativeTarget "TUTKDevice" */;
			buildPhases = (
				A2BF71761AC95A4600379199 /* Sources */,
				A2BF71771AC95A4600379199 /* Frameworks */,
				A2BF71781AC95A4600379199 /* CopyFiles */,
			);
			buildRules = (
			);
			dependencies = (
				A2BED3901C71B01200AF9D4E /* PBXTargetDependency */,
			);
			name = TUTKDevice;
			productName = RDTServer;
			productReference = A2BF717A1AC95A4600379199 /* TUTKDevice */;
			productType = "com.apple.product-type.tool";
		};
/* End PBXNativeTarget section */

/* Begin PBXProject section */
		A2BF71721AC95A4600379199 /* Project object */ = {
			isa = PBXProject;
			attributes = {
				LastUpgradeCheck = 0720;
				ORGANIZATIONNAME = jakey;
				TargetAttributes = {
					A2BF71791AC95A4600379199 = {
						CreatedOnToolsVersion = 6.1.1;
					};
				};
			};
			buildConfigurationList = A2BF71751AC95A4600379199 /* Build configuration list for PBXProject "TUTKDevice" */;
			compatibilityVersion = "Xcode 3.2";
			developmentRegion = English;
			hasScannedForEncodings = 0;
			knownRegions = (
				en,
			);
			mainGroup = A2BF71711AC95A4600379199;
			productRefGroup = A2BF717B1AC95A4600379199 /* Products */;
			projectDirPath = "";
			projectReferences = (
				{
					ProductGroup = A2BED38A1C71AFF100AF9D4E /* Products */;
					ProjectRef = A2BED3891C71AFF100AF9D4E /* DeviceAPI.xcodeproj */;
				},
			);
			projectRoot = "";
			targets = (
				A2BF71791AC95A4600379199 /* TUTKDevice */,
			);
		};
/* End PBXProject section */

/* Begin PBXReferenceProxy section */
		A2BED38E1C71AFF100AF9D4E /* libDeviceAPI.a */ = {
			isa = PBXReferenceProxy;
			fileType = archive.ar;
			path = libDeviceAPI.a;
			remoteRef = A2BED38D1C71AFF100AF9D4E /* PBXContainerItemProxy */;
			sourceTree = BUILT_PRODUCTS_DIR;
		};
/* End PBXReferenceProxy section */

/* Begin PBXSourcesBuildPhase section */
		A2BF71761AC95A4600379199 /* Sources */ = {
			isa = PBXSourcesBuildPhase;
			buildActionMask = 2147483647;
			files = (
				A24D80151BFD796E00143462 /* json_reader.cpp in Sources */,
				A24D80171BFD796E00143462 /* json_writer.cpp in Sources */,
				A2BED31A1C71769300AF9D4E /* TUTKGatewayDevice.cpp in Sources */,
				A2BED31E1C71769300AF9D4E /* TUTKSirenDevice.cpp in Sources */,
				A2BED31C1C71769300AF9D4E /* TUTKPIRDevice.cpp in Sources */,
				A2BED31F1C71769300AF9D4E /* TUTKSmokeDevice.cpp in Sources */,
				A27836441C3B8A9700283F81 /* MQTTSubscribeServer.c in Sources */,
				A27836491C3B8AC900283F81 /* linux.h in Sources */,
				A2BED31D1C71769300AF9D4E /* TUTKPlugDevice.cpp in Sources */,
				A2BED3171C71769300AF9D4E /* SampoDevice.cpp in Sources */,
				A2BED3201C71769300AF9D4E /* TUTKVibrateDevice.cpp in Sources */,
				A2BED3141C71769300AF9D4E /* Body.cpp in Sources */,
				A278363E1C3B8A9700283F81 /* MQTTConnectServer.c in Sources */,
				A24D80161BFD796E00143462 /* json_value.cpp in Sources */,
				A2BED3221C71769300AF9D4E /* ZhongHanDevice.cpp in Sources */,
				A27836421C3B8A9700283F81 /* MQTTSerializePublish.c in Sources */,
				A278363D1C3B8A9700283F81 /* MQTTConnectClient.c in Sources */,
				A27836431C3B8A9700283F81 /* MQTTSubscribeClient.c in Sources */,
				A27836451C3B8A9700283F81 /* MQTTUnsubscribeClient.c in Sources */,
				A2BED3151C71769300AF9D4E /* JsonRDTClientDevice.cpp in Sources */,
				A278363F1C3B8A9700283F81 /* MQTTDeserializePublish.c in Sources */,
				A2BED3191C71769300AF9D4E /* TUTKGasDevice.cpp in Sources */,
				A2BED31B1C71769300AF9D4E /* TUTKLightingDevice.cpp in Sources */,
				A2BED3181C71769300AF9D4E /* TUTKDoorDevice.cpp in Sources */,
				A27836461C3B8A9700283F81 /* MQTTUnsubscribeServer.c in Sources */,
				A2BED3211C71769300AF9D4E /* TUTKWaterLeakDevice.cpp in Sources */,
				A27836401C3B8A9700283F81 /* MQTTFormat.c in Sources */,
				A27836411C3B8A9700283F81 /* MQTTPacket.c in Sources */,
				A2BED3161C71769300AF9D4E /* main.cpp in Sources */,
			);
			runOnlyForDeploymentPostprocessing = 0;
		};
/* End PBXSourcesBuildPhase section */

/* Begin PBXTargetDependency section */
		A2BED3901C71B01200AF9D4E /* PBXTargetDependency */ = {
			isa = PBXTargetDependency;
			name = DeviceAPI;
			targetProxy = A2BED38F1C71B01200AF9D4E /* PBXContainerItemProxy */;
		};
/* End PBXTargetDependency section */

/* Begin XCBuildConfiguration section */
		A2BF717F1AC95A4600379199 /* Debug */ = {
			isa = XCBuildConfiguration;
			buildSettings = {
				ALWAYS_SEARCH_USER_PATHS = NO;
				CLANG_CXX_LANGUAGE_STANDARD = "gnu++0x";
				CLANG_CXX_LIBRARY = "libc++";
				CLANG_ENABLE_MODULES = YES;
				CLANG_ENABLE_OBJC_ARC = YES;
				CLANG_WARN_BOOL_CONVERSION = YES;
				CLANG_WARN_CONSTANT_CONVERSION = YES;
				CLANG_WARN_DIRECT_OBJC_ISA_USAGE = YES_ERROR;
				CLANG_WARN_EMPTY_BODY = YES;
				CLANG_WARN_ENUM_CONVERSION = YES;
				CLANG_WARN_INT_CONVERSION = YES;
				CLANG_WARN_OBJC_ROOT_CLASS = YES_ERROR;
				CLANG_WARN_UNREACHABLE_CODE = YES;
				CLANG_WARN__DUPLICATE_METHOD_MATCH = YES;
				COPY_PHASE_STRIP = NO;
				ENABLE_STRICT_OBJC_MSGSEND = YES;
				ENABLE_TESTABILITY = YES;
				GCC_C_LANGUAGE_STANDARD = gnu99;
				GCC_DYNAMIC_NO_PIC = NO;
				GCC_OPTIMIZATION_LEVEL = 0;
				GCC_PREPROCESSOR_DEFINITIONS = (
					"DEBUG=1",
					"$(inherited)",
				);
				GCC_SYMBOLS_PRIVATE_EXTERN = NO;
				GCC_WARN_64_TO_32_BIT_CONVERSION = YES;
				GCC_WARN_ABOUT_RETURN_TYPE = YES_ERROR;
				GCC_WARN_UNDECLARED_SELECTOR = YES;
				GCC_WARN_UNINITIALIZED_AUTOS = YES_AGGRESSIVE;
				GCC_WARN_UNUSED_FUNCTION = YES;
				GCC_WARN_UNUSED_VARIABLE = YES;
				MACOSX_DEPLOYMENT_TARGET = 10.10;
				MTL_ENABLE_DEBUG_INFO = YES;
				ONLY_ACTIVE_ARCH = YES;
				SDKROOT = macosx;
			};
			name = Debug;
		};
		A2BF71801AC95A4600379199 /* Release */ = {
			isa = XCBuildConfiguration;
			buildSettings = {
				ALWAYS_SEARCH_USER_PATHS = NO;
				CLANG_CXX_LANGUAGE_STANDARD = "gnu++0x";
				CLANG_CXX_LIBRARY = "libc++";
				CLANG_ENABLE_MODULES = YES;
				CLANG_ENABLE_OBJC_ARC = YES;
				CLANG_WARN_BOOL_CONVERSION = YES;
				CLANG_WARN_CONSTANT_CONVERSION = YES;
				CLANG_WARN_DIRECT_OBJC_ISA_USAGE = YES_ERROR;
				CLANG_WARN_EMPTY_BODY = YES;
				CLANG_WARN_ENUM_CONVERSION = YES;
				CLANG_WARN_INT_CONVERSION = YES;
				CLANG_WARN_OBJC_ROOT_CLASS = YES_ERROR;
				CLANG_WARN_UNREACHABLE_CODE = YES;
				CLANG_WARN__DUPLICATE_METHOD_MATCH = YES;
				COPY_PHASE_STRIP = YES;
				DEBUG_INFORMATION_FORMAT = "dwarf-with-dsym";
				ENABLE_NS_ASSERTIONS = NO;
				ENABLE_STRICT_OBJC_MSGSEND = YES;
				GCC_C_LANGUAGE_STANDARD = gnu99;
				GCC_WARN_64_TO_32_BIT_CONVERSION = YES;
				GCC_WARN_ABOUT_RETURN_TYPE = YES_ERROR;
				GCC_WARN_UNDECLARED_SELECTOR = YES;
				GCC_WARN_UNINITIALIZED_AUTOS = YES_AGGRESSIVE;
				GCC_WARN_UNUSED_FUNCTION = YES;
				GCC_WARN_UNUSED_VARIABLE = YES;
				MACOSX_DEPLOYMENT_TARGET = 10.10;
				MTL_ENABLE_DEBUG_INFO = NO;
				SDKROOT = macosx;
			};
			name = Release;
		};
		A2BF71821AC95A4600379199 /* Debug */ = {
			isa = XCBuildConfiguration;
			buildSettings = {
				FRAMEWORK_SEARCH_PATHS = "";
				GCC_PRECOMPILE_PREFIX_HEADER = YES;
				GCC_PREFIX_HEADER = "$(SRCROOT)/RDTServer/DeviceAPI/PrefixHeader.pch";
				HEADER_SEARCH_PATHS = (
					"$(inherited)",
					/Applications/Xcode.app/Contents/Developer/Toolchains/XcodeDefault.xctoolchain/usr/include,
					../TUTK_Kalay_Platform_SDK_2.1.3/Include,
					"RDTServer/3th_party/jsoncpp-1.6.5/include",
					"RDTServer/3th_party/curlpp-0.7.3/include",
					RDTServer/DeviceAPI,
				);
				LIBRARY_SEARCH_PATHS = (
					"$(inherited)",
					../TUTK_Kalay_Platform_SDK_2.1.3/Lib/MAC,
					"$(PROJECT_DIR)/RDTServer/3th_party/curlpp-0.7.3/Librarys",
					"$(PROJECT_DIR)/RDTServer/lib/mac",
				);
				MACOSX_DEPLOYMENT_TARGET = 10.11;
				ONLY_ACTIVE_ARCH = NO;
				OTHER_LDFLAGS = (
					"-lIOTCAPIs_ALL",
					"-lcurl",
				);
				OTHER_LIBTOOLFLAGS = "";
				PRODUCT_NAME = "$(TARGET_NAME)";
				VALID_ARCHS = x86_64;
			};
			name = Debug;
		};
		A2BF71831AC95A4600379199 /* Release */ = {
			isa = XCBuildConfiguration;
			buildSettings = {
				FRAMEWORK_SEARCH_PATHS = "";
				GCC_PRECOMPILE_PREFIX_HEADER = YES;
				GCC_PREFIX_HEADER = "$(SRCROOT)/RDTServer/DeviceAPI/PrefixHeader.pch";
				HEADER_SEARCH_PATHS = (
					"$(inherited)",
					/Applications/Xcode.app/Contents/Developer/Toolchains/XcodeDefault.xctoolchain/usr/include,
					../TUTK_Kalay_Platform_SDK_2.1.3/Include,
					"RDTServer/3th_party/jsoncpp-1.6.5/include",
					"RDTServer/3th_party/curlpp-0.7.3/include",
					RDTServer/DeviceAPI,
				);
				LIBRARY_SEARCH_PATHS = (
					"$(inherited)",
					../TUTK_Kalay_Platform_SDK_2.1.3/Lib/MAC,
					"$(PROJECT_DIR)/RDTServer/3th_party/curlpp-0.7.3/Librarys",
					"$(PROJECT_DIR)/RDTServer/lib/mac",
				);
				MACOSX_DEPLOYMENT_TARGET = 10.11;
				ONLY_ACTIVE_ARCH = NO;
				OTHER_LDFLAGS = (
					"-lIOTCAPIs_ALL",
					"-lcurl",
				);
				OTHER_LIBTOOLFLAGS = "";
				PRODUCT_NAME = "$(TARGET_NAME)";
				VALID_ARCHS = x86_64;
			};
			name = Release;
		};
/* End XCBuildConfiguration section */

/* Begin XCConfigurationList section */
		A2BF71751AC95A4600379199 /* Build configuration list for PBXProject "TUTKDevice" */ = {
			isa = XCConfigurationList;
			buildConfigurations = (
				A2BF717F1AC95A4600379199 /* Debug */,
				A2BF71801AC95A4600379199 /* Release */,
			);
			defaultConfigurationIsVisible = 0;
			defaultConfigurationName = Release;
		};
		A2BF71811AC95A4600379199 /* Build configuration list for PBXNativeTarget "TUTKDevice" */ = {
			isa = XCConfigurationList;
			buildConfigurations = (
				A2BF71821AC95A4600379199 /* Debug */,
				A2BF71831AC95A4600379199 /* Release */,
			);
			defaultConfigurationIsVisible = 0;
			defaultConfigurationName = Release;
		};
/* End XCConfigurationList section */
	};
	rootObject = A2BF71721AC95A4600379199 /* Project object */;
}
