// !$*UTF8*$!
{
	archiveVersion = 1;
	classes = {
	};
	objectVersion = 46;
	objects = {

/* Begin PBXBuildFile section */
		A2BED34D1C717AE100AF9D4E /* main.cpp in Sources */ = {isa = PBXBuildFile; fileRef = A2BED3371C717AE100AF9D4E /* main.cpp */; };
		A2BED34E1C717AE100AF9D4E /* VtechGarageDoorDevice.cpp in Sources */ = {isa = PBXBuildFile; fileRef = A2BED3381C717AE100AF9D4E /* VtechGarageDoorDevice.cpp */; };
		A2BED34F1C717AE100AF9D4E /* VtechIPHubGatewayDevice.cpp in Sources */ = {isa = PBXBuildFile; fileRef = A2BED33B1C717AE100AF9D4E /* VtechIPHubGatewayDevice.cpp */; };
		A2BED3501C717AE100AF9D4E /* VtechLightBulbDevice.cpp in Sources */ = {isa = PBXBuildFile; fileRef = A2BED33E1C717AE100AF9D4E /* VtechLightBulbDevice.cpp */; };
		A2BED3511C717AE100AF9D4E /* VtechMotionSensorDevice.cpp in Sources */ = {isa = PBXBuildFile; fileRef = A2BED3411C717AE100AF9D4E /* VtechMotionSensorDevice.cpp */; };
		A2BED3521C717AE100AF9D4E /* VtechOpenClosedDevice.cpp in Sources */ = {isa = PBXBuildFile; fileRef = A2BED3441C717AE100AF9D4E /* VtechOpenClosedDevice.cpp */; };
		A2BED3531C717AE100AF9D4E /* VtechVirtualGroupDevice.cpp in Sources */ = {isa = PBXBuildFile; fileRef = A2BED3471C717AE100AF9D4E /* VtechVirtualGroupDevice.cpp */; };
		A2BED3541C717AE100AF9D4E /* VtechWallSwitchDevice.cpp in Sources */ = {isa = PBXBuildFile; fileRef = A2BED34A1C717AE100AF9D4E /* VtechWallSwitchDevice.cpp */; };
		A2BED3661C7199B900AF9D4E /* libcurlpp.a in Frameworks */ = {isa = PBXBuildFile; fileRef = A2BED3641C7199B900AF9D4E /* libcurlpp.a */; };
		A2BED3671C7199B900AF9D4E /* libutilspp.a in Frameworks */ = {isa = PBXBuildFile; fileRef = A2BED3651C7199B900AF9D4E /* libutilspp.a */; };
		A2BED36A1C7199C800AF9D4E /* libDeviceAPI.a in Frameworks */ = {isa = PBXBuildFile; fileRef = A2BED3681C7199C800AF9D4E /* libDeviceAPI.a */; };
		A2BED36B1C7199C800AF9D4E /* libjsoncpp.a in Frameworks */ = {isa = PBXBuildFile; fileRef = A2BED3691C7199C800AF9D4E /* libjsoncpp.a */; };
		A2BED36D1C7199E400AF9D4E /* libIOTCAPIs_ALL.a in Frameworks */ = {isa = PBXBuildFile; fileRef = A2BED36C1C7199E400AF9D4E /* libIOTCAPIs_ALL.a */; };
/* End PBXBuildFile section */

/* Begin PBXCopyFilesBuildPhase section */
		A2BED32B1C717AAD00AF9D4E /* CopyFiles */ = {
			isa = PBXCopyFilesBuildPhase;
			buildActionMask = 2147483647;
			dstPath = /usr/share/man/man1/;
			dstSubfolderSpec = 0;
			files = (
			);
			runOnlyForDeploymentPostprocessing = 1;
		};
/* End PBXCopyFilesBuildPhase section */

/* Begin PBXFileReference section */
		A2BED32D1C717AAD00AF9D4E /* VtechDevice */ = {isa = PBXFileReference; explicitFileType = "compiled.mach-o.executable"; includeInIndex = 0; path = VtechDevice; sourceTree = BUILT_PRODUCTS_DIR; };
		A2BED3371C717AE100AF9D4E /* main.cpp */ = {isa = PBXFileReference; fileEncoding = 4; lastKnownFileType = sourcecode.cpp.cpp; name = main.cpp; path = RDTServer/Targate/VtechDevice/main.cpp; sourceTree = SOURCE_ROOT; };
		A2BED3381C717AE100AF9D4E /* VtechGarageDoorDevice.cpp */ = {isa = PBXFileReference; fileEncoding = 4; lastKnownFileType = sourcecode.cpp.cpp; name = VtechGarageDoorDevice.cpp; path = RDTServer/Targate/VtechDevice/VtechGarageDoorDevice.cpp; sourceTree = SOURCE_ROOT; };
		A2BED3391C717AE100AF9D4E /* VtechGarageDoorDevice.hpp */ = {isa = PBXFileReference; fileEncoding = 4; lastKnownFileType = sourcecode.cpp.h; name = VtechGarageDoorDevice.hpp; path = RDTServer/Targate/VtechDevice/VtechGarageDoorDevice.hpp; sourceTree = SOURCE_ROOT; };
		A2BED33A1C717AE100AF9D4E /* VtechGarageDoorEnum.hpp */ = {isa = PBXFileReference; fileEncoding = 4; lastKnownFileType = sourcecode.cpp.h; name = VtechGarageDoorEnum.hpp; path = RDTServer/Targate/VtechDevice/VtechGarageDoorEnum.hpp; sourceTree = SOURCE_ROOT; };
		A2BED33B1C717AE100AF9D4E /* VtechIPHubGatewayDevice.cpp */ = {isa = PBXFileReference; fileEncoding = 4; lastKnownFileType = sourcecode.cpp.cpp; name = VtechIPHubGatewayDevice.cpp; path = RDTServer/Targate/VtechDevice/VtechIPHubGatewayDevice.cpp; sourceTree = SOURCE_ROOT; };
		A2BED33C1C717AE100AF9D4E /* VtechIPHubGatewayDevice.hpp */ = {isa = PBXFileReference; fileEncoding = 4; lastKnownFileType = sourcecode.cpp.h; name = VtechIPHubGatewayDevice.hpp; path = RDTServer/Targate/VtechDevice/VtechIPHubGatewayDevice.hpp; sourceTree = SOURCE_ROOT; };
		A2BED33D1C717AE100AF9D4E /* VtechIPHubGatewayEnum.hpp */ = {isa = PBXFileReference; fileEncoding = 4; lastKnownFileType = sourcecode.cpp.h; name = VtechIPHubGatewayEnum.hpp; path = RDTServer/Targate/VtechDevice/VtechIPHubGatewayEnum.hpp; sourceTree = SOURCE_ROOT; };
		A2BED33E1C717AE100AF9D4E /* VtechLightBulbDevice.cpp */ = {isa = PBXFileReference; fileEncoding = 4; lastKnownFileType = sourcecode.cpp.cpp; name = VtechLightBulbDevice.cpp; path = RDTServer/Targate/VtechDevice/VtechLightBulbDevice.cpp; sourceTree = SOURCE_ROOT; };
		A2BED33F1C717AE100AF9D4E /* VtechLightBulbDevice.hpp */ = {isa = PBXFileReference; fileEncoding = 4; lastKnownFileType = sourcecode.cpp.h; name = VtechLightBulbDevice.hpp; path = RDTServer/Targate/VtechDevice/VtechLightBulbDevice.hpp; sourceTree = SOURCE_ROOT; };
		A2BED3401C717AE100AF9D4E /* VtechLightBulbEnum.hpp */ = {isa = PBXFileReference; fileEncoding = 4; lastKnownFileType = sourcecode.cpp.h; name = VtechLightBulbEnum.hpp; path = RDTServer/Targate/VtechDevice/VtechLightBulbEnum.hpp; sourceTree = SOURCE_ROOT; };
		A2BED3411C717AE100AF9D4E /* VtechMotionSensorDevice.cpp */ = {isa = PBXFileReference; fileEncoding = 4; lastKnownFileType = sourcecode.cpp.cpp; name = VtechMotionSensorDevice.cpp; path = RDTServer/Targate/VtechDevice/VtechMotionSensorDevice.cpp; sourceTree = SOURCE_ROOT; };
		A2BED3421C717AE100AF9D4E /* VtechMotionSensorDevice.hpp */ = {isa = PBXFileReference; fileEncoding = 4; lastKnownFileType = sourcecode.cpp.h; name = VtechMotionSensorDevice.hpp; path = RDTServer/Targate/VtechDevice/VtechMotionSensorDevice.hpp; sourceTree = SOURCE_ROOT; };
		A2BED3431C717AE100AF9D4E /* VtechMotionSensorEnum.hpp */ = {isa = PBXFileReference; fileEncoding = 4; lastKnownFileType = sourcecode.cpp.h; name = VtechMotionSensorEnum.hpp; path = RDTServer/Targate/VtechDevice/VtechMotionSensorEnum.hpp; sourceTree = SOURCE_ROOT; };
		A2BED3441C717AE100AF9D4E /* VtechOpenClosedDevice.cpp */ = {isa = PBXFileReference; fileEncoding = 4; lastKnownFileType = sourcecode.cpp.cpp; name = VtechOpenClosedDevice.cpp; path = RDTServer/Targate/VtechDevice/VtechOpenClosedDevice.cpp; sourceTree = SOURCE_ROOT; };
		A2BED3451C717AE100AF9D4E /* VtechOpenClosedDevice.hpp */ = {isa = PBXFileReference; fileEncoding = 4; lastKnownFileType = sourcecode.cpp.h; name = VtechOpenClosedDevice.hpp; path = RDTServer/Targate/VtechDevice/VtechOpenClosedDevice.hpp; sourceTree = SOURCE_ROOT; };
		A2BED3461C717AE100AF9D4E /* VtechOpenClosedEnum.hpp */ = {isa = PBXFileReference; fileEncoding = 4; lastKnownFileType = sourcecode.cpp.h; name = VtechOpenClosedEnum.hpp; path = RDTServer/Targate/VtechDevice/VtechOpenClosedEnum.hpp; sourceTree = SOURCE_ROOT; };
		A2BED3471C717AE100AF9D4E /* VtechVirtualGroupDevice.cpp */ = {isa = PBXFileReference; fileEncoding = 4; lastKnownFileType = sourcecode.cpp.cpp; name = VtechVirtualGroupDevice.cpp; path = RDTServer/Targate/VtechDevice/VtechVirtualGroupDevice.cpp; sourceTree = SOURCE_ROOT; };
		A2BED3481C717AE100AF9D4E /* VtechVirtualGroupDevice.hpp */ = {isa = PBXFileReference; fileEncoding = 4; lastKnownFileType = sourcecode.cpp.h; name = VtechVirtualGroupDevice.hpp; path = RDTServer/Targate/VtechDevice/VtechVirtualGroupDevice.hpp; sourceTree = SOURCE_ROOT; };
		A2BED3491C717AE100AF9D4E /* VtechVirtualGroupEnum.hpp */ = {isa = PBXFileReference; fileEncoding = 4; lastKnownFileType = sourcecode.cpp.h; name = VtechVirtualGroupEnum.hpp; path = RDTServer/Targate/VtechDevice/VtechVirtualGroupEnum.hpp; sourceTree = SOURCE_ROOT; };
		A2BED34A1C717AE100AF9D4E /* VtechWallSwitchDevice.cpp */ = {isa = PBXFileReference; fileEncoding = 4; lastKnownFileType = sourcecode.cpp.cpp; name = VtechWallSwitchDevice.cpp; path = RDTServer/Targate/VtechDevice/VtechWallSwitchDevice.cpp; sourceTree = SOURCE_ROOT; };
		A2BED34B1C717AE100AF9D4E /* VtechWallSwitchDevice.hpp */ = {isa = PBXFileReference; fileEncoding = 4; lastKnownFileType = sourcecode.cpp.h; name = VtechWallSwitchDevice.hpp; path = RDTServer/Targate/VtechDevice/VtechWallSwitchDevice.hpp; sourceTree = SOURCE_ROOT; };
		A2BED34C1C717AE100AF9D4E /* VtechWallSwitchEnum.hpp */ = {isa = PBXFileReference; fileEncoding = 4; lastKnownFileType = sourcecode.cpp.h; name = VtechWallSwitchEnum.hpp; path = RDTServer/Targate/VtechDevice/VtechWallSwitchEnum.hpp; sourceTree = SOURCE_ROOT; };
		A2BED3641C7199B900AF9D4E /* libcurlpp.a */ = {isa = PBXFileReference; lastKnownFileType = archive.ar; name = libcurlpp.a; path = "RDTServer/3th_party/curlpp-0.7.3/Librarys/libcurlpp.a"; sourceTree = SOURCE_ROOT; };
		A2BED3651C7199B900AF9D4E /* libutilspp.a */ = {isa = PBXFileReference; lastKnownFileType = archive.ar; name = libutilspp.a; path = "RDTServer/3th_party/curlpp-0.7.3/Librarys/libutilspp.a"; sourceTree = SOURCE_ROOT; };
		A2BED3681C7199C800AF9D4E /* libDeviceAPI.a */ = {isa = PBXFileReference; lastKnownFileType = archive.ar; name = libDeviceAPI.a; path = RDTServer/lib/mac/libDeviceAPI.a; sourceTree = SOURCE_ROOT; };
		A2BED3691C7199C800AF9D4E /* libjsoncpp.a */ = {isa = PBXFileReference; lastKnownFileType = archive.ar; name = libjsoncpp.a; path = RDTServer/lib/mac/libjsoncpp.a; sourceTree = SOURCE_ROOT; };
		A2BED36C1C7199E400AF9D4E /* libIOTCAPIs_ALL.a */ = {isa = PBXFileReference; lastKnownFileType = archive.ar; name = libIOTCAPIs_ALL.a; path = ../../TUTK_Kalay_Platform_SDK_2.1.3/Lib/MAC/libIOTCAPIs_ALL.a; sourceTree = "<group>"; };
		A2BED3711C719B6C00AF9D4E /* CMakeLists.txt */ = {isa = PBXFileReference; lastKnownFileType = text; name = CMakeLists.txt; path = RDTServer/CMakeLists.txt; sourceTree = "<group>"; };
		A2BED3721C719B7800AF9D4E /* CMakeLists.txt */ = {isa = PBXFileReference; lastKnownFileType = text; name = CMakeLists.txt; path = RDTServer/Targate/VtechDevice/CMakeLists.txt; sourceTree = "<group>"; };
/* End PBXFileReference section */

/* Begin PBXFrameworksBuildPhase section */
		A2BED32A1C717AAD00AF9D4E /* Frameworks */ = {
			isa = PBXFrameworksBuildPhase;
			buildActionMask = 2147483647;
			files = (
				A2BED36D1C7199E400AF9D4E /* libIOTCAPIs_ALL.a in Frameworks */,
				A2BED36A1C7199C800AF9D4E /* libDeviceAPI.a in Frameworks */,
				A2BED3661C7199B900AF9D4E /* libcurlpp.a in Frameworks */,
				A2BED3671C7199B900AF9D4E /* libutilspp.a in Frameworks */,
				A2BED36B1C7199C800AF9D4E /* libjsoncpp.a in Frameworks */,
			);
			runOnlyForDeploymentPostprocessing = 0;
		};
/* End PBXFrameworksBuildPhase section */

/* Begin PBXGroup section */
		A2BED3241C717AAD00AF9D4E = {
			isa = PBXGroup;
			children = (
				A2BED3371C717AE100AF9D4E /* main.cpp */,
				A2BED32F1C717AAD00AF9D4E /* VtechDevice */,
				A2BED3701C719B5D00AF9D4E /* Other */,
				A2BED35F1C71996F00AF9D4E /* lib */,
				A2BED32E1C717AAD00AF9D4E /* Products */,
			);
			sourceTree = "<group>";
		};
		A2BED32E1C717AAD00AF9D4E /* Products */ = {
			isa = PBXGroup;
			children = (
				A2BED32D1C717AAD00AF9D4E /* VtechDevice */,
			);
			name = Products;
			sourceTree = "<group>";
		};
		A2BED32F1C717AAD00AF9D4E /* VtechDevice */ = {
			isa = PBXGroup;
			children = (
				A2BED33D1C717AE100AF9D4E /* VtechIPHubGatewayEnum.hpp */,
				A2BED33C1C717AE100AF9D4E /* VtechIPHubGatewayDevice.hpp */,
				A2BED33B1C717AE100AF9D4E /* VtechIPHubGatewayDevice.cpp */,
				A2BED33A1C717AE100AF9D4E /* VtechGarageDoorEnum.hpp */,
				A2BED3391C717AE100AF9D4E /* VtechGarageDoorDevice.hpp */,
				A2BED3381C717AE100AF9D4E /* VtechGarageDoorDevice.cpp */,
				A2BED3401C717AE100AF9D4E /* VtechLightBulbEnum.hpp */,
				A2BED33F1C717AE100AF9D4E /* VtechLightBulbDevice.hpp */,
				A2BED33E1C717AE100AF9D4E /* VtechLightBulbDevice.cpp */,
				A2BED3431C717AE100AF9D4E /* VtechMotionSensorEnum.hpp */,
				A2BED3421C717AE100AF9D4E /* VtechMotionSensorDevice.hpp */,
				A2BED3411C717AE100AF9D4E /* VtechMotionSensorDevice.cpp */,
				A2BED3461C717AE100AF9D4E /* VtechOpenClosedEnum.hpp */,
				A2BED3451C717AE100AF9D4E /* VtechOpenClosedDevice.hpp */,
				A2BED3441C717AE100AF9D4E /* VtechOpenClosedDevice.cpp */,
				A2BED3491C717AE100AF9D4E /* VtechVirtualGroupEnum.hpp */,
				A2BED3481C717AE100AF9D4E /* VtechVirtualGroupDevice.hpp */,
				A2BED3471C717AE100AF9D4E /* VtechVirtualGroupDevice.cpp */,
				A2BED34C1C717AE100AF9D4E /* VtechWallSwitchEnum.hpp */,
				A2BED34B1C717AE100AF9D4E /* VtechWallSwitchDevice.hpp */,
				A2BED34A1C717AE100AF9D4E /* VtechWallSwitchDevice.cpp */,
			);
			path = VtechDevice;
			sourceTree = "<group>";
		};
		A2BED35F1C71996F00AF9D4E /* lib */ = {
			isa = PBXGroup;
			children = (
				A2BED36C1C7199E400AF9D4E /* libIOTCAPIs_ALL.a */,
				A2BED3641C7199B900AF9D4E /* libcurlpp.a */,
				A2BED3651C7199B900AF9D4E /* libutilspp.a */,
				A2BED3681C7199C800AF9D4E /* libDeviceAPI.a */,
				A2BED3691C7199C800AF9D4E /* libjsoncpp.a */,
			);
			name = lib;
			path = VtechDevice;
			sourceTree = "<group>";
		};
		A2BED3701C719B5D00AF9D4E /* Other */ = {
			isa = PBXGroup;
			children = (
				A2BED3711C719B6C00AF9D4E /* CMakeLists.txt */,
				A2BED3731C719B8100AF9D4E /* VtechDevice */,
			);
			name = Other;
			sourceTree = "<group>";
		};
		A2BED3731C719B8100AF9D4E /* VtechDevice */ = {
			isa = PBXGroup;
			children = (
				A2BED3721C719B7800AF9D4E /* CMakeLists.txt */,
			);
			name = VtechDevice;
			sourceTree = "<group>";
		};
/* End PBXGroup section */

/* Begin PBXNativeTarget section */
		A2BED32C1C717AAD00AF9D4E /* VtechDevice */ = {
			isa = PBXNativeTarget;
			buildConfigurationList = A2BED3341C717AAD00AF9D4E /* Build configuration list for PBXNativeTarget "VtechDevice" */;
			buildPhases = (
				A2BED3291C717AAD00AF9D4E /* Sources */,
				A2BED32A1C717AAD00AF9D4E /* Frameworks */,
				A2BED32B1C717AAD00AF9D4E /* CopyFiles */,
			);
			buildRules = (
			);
			dependencies = (
			);
			name = VtechDevice;
			productName = VtechDevice;
			productReference = A2BED32D1C717AAD00AF9D4E /* VtechDevice */;
			productType = "com.apple.product-type.tool";
		};
/* End PBXNativeTarget section */

/* Begin PBXProject section */
		A2BED3251C717AAD00AF9D4E /* Project object */ = {
			isa = PBXProject;
			attributes = {
				LastUpgradeCheck = 0720;
				ORGANIZATIONNAME = jakey;
				TargetAttributes = {
					A2BED32C1C717AAD00AF9D4E = {
						CreatedOnToolsVersion = 7.2;
					};
				};
			};
			buildConfigurationList = A2BED3281C717AAD00AF9D4E /* Build configuration list for PBXProject "VtechDevice" */;
			compatibilityVersion = "Xcode 3.2";
			developmentRegion = English;
			hasScannedForEncodings = 0;
			knownRegions = (
				en,
			);
			mainGroup = A2BED3241C717AAD00AF9D4E;
			productRefGroup = A2BED32E1C717AAD00AF9D4E /* Products */;
			projectDirPath = "";
			projectRoot = "";
			targets = (
				A2BED32C1C717AAD00AF9D4E /* VtechDevice */,
			);
		};
/* End PBXProject section */

/* Begin PBXSourcesBuildPhase section */
		A2BED3291C717AAD00AF9D4E /* Sources */ = {
			isa = PBXSourcesBuildPhase;
			buildActionMask = 2147483647;
			files = (
				A2BED3501C717AE100AF9D4E /* VtechLightBulbDevice.cpp in Sources */,
				A2BED34F1C717AE100AF9D4E /* VtechIPHubGatewayDevice.cpp in Sources */,
				A2BED3531C717AE100AF9D4E /* VtechVirtualGroupDevice.cpp in Sources */,
				A2BED34D1C717AE100AF9D4E /* main.cpp in Sources */,
				A2BED34E1C717AE100AF9D4E /* VtechGarageDoorDevice.cpp in Sources */,
				A2BED3521C717AE100AF9D4E /* VtechOpenClosedDevice.cpp in Sources */,
				A2BED3541C717AE100AF9D4E /* VtechWallSwitchDevice.cpp in Sources */,
				A2BED3511C717AE100AF9D4E /* VtechMotionSensorDevice.cpp in Sources */,
			);
			runOnlyForDeploymentPostprocessing = 0;
		};
/* End PBXSourcesBuildPhase section */

/* Begin XCBuildConfiguration section */
		A2BED3321C717AAD00AF9D4E /* Debug */ = {
			isa = XCBuildConfiguration;
			buildSettings = {
				ALWAYS_SEARCH_USER_PATHS = NO;
				CLANG_CXX_LANGUAGE_STANDARD = "gnu++0x";
				CLANG_CXX_LIBRARY = "libc++";
				CLANG_ENABLE_MODULES = YES;
				CLANG_ENABLE_OBJC_ARC = YES;
				CLANG_WARN_BOOL_CONVERSION = YES;
				CLANG_WARN_CONSTANT_CONVERSION = YES;
				CLANG_WARN_DIRECT_OBJC_ISA_USAGE = YES_ERROR;
				CLANG_WARN_EMPTY_BODY = YES;
				CLANG_WARN_ENUM_CONVERSION = YES;
				CLANG_WARN_INT_CONVERSION = YES;
				CLANG_WARN_OBJC_ROOT_CLASS = YES_ERROR;
				CLANG_WARN_UNREACHABLE_CODE = YES;
				CLANG_WARN__DUPLICATE_METHOD_MATCH = YES;
				CODE_SIGN_IDENTITY = "-";
				COPY_PHASE_STRIP = NO;
				DEBUG_INFORMATION_FORMAT = dwarf;
				ENABLE_STRICT_OBJC_MSGSEND = YES;
				ENABLE_TESTABILITY = YES;
				GCC_C_LANGUAGE_STANDARD = gnu99;
				GCC_DYNAMIC_NO_PIC = NO;
				GCC_NO_COMMON_BLOCKS = YES;
				GCC_OPTIMIZATION_LEVEL = 0;
				GCC_PREPROCESSOR_DEFINITIONS = (
					"DEBUG=1",
					"$(inherited)",
				);
				GCC_WARN_64_TO_32_BIT_CONVERSION = YES;
				GCC_WARN_ABOUT_RETURN_TYPE = YES_ERROR;
				GCC_WARN_UNDECLARED_SELECTOR = YES;
				GCC_WARN_UNINITIALIZED_AUTOS = YES_AGGRESSIVE;
				GCC_WARN_UNUSED_FUNCTION = YES;
				GCC_WARN_UNUSED_VARIABLE = YES;
				MACOSX_DEPLOYMENT_TARGET = 10.11;
				MTL_ENABLE_DEBUG_INFO = YES;
				ONLY_ACTIVE_ARCH = YES;
				SDKROOT = macosx;
			};
			name = Debug;
		};
		A2BED3331C717AAD00AF9D4E /* Release */ = {
			isa = XCBuildConfiguration;
			buildSettings = {
				ALWAYS_SEARCH_USER_PATHS = NO;
				CLANG_CXX_LANGUAGE_STANDARD = "gnu++0x";
				CLANG_CXX_LIBRARY = "libc++";
				CLANG_ENABLE_MODULES = YES;
				CLANG_ENABLE_OBJC_ARC = YES;
				CLANG_WARN_BOOL_CONVERSION = YES;
				CLANG_WARN_CONSTANT_CONVERSION = YES;
				CLANG_WARN_DIRECT_OBJC_ISA_USAGE = YES_ERROR;
				CLANG_WARN_EMPTY_BODY = YES;
				CLANG_WARN_ENUM_CONVERSION = YES;
				CLANG_WARN_INT_CONVERSION = YES;
				CLANG_WARN_OBJC_ROOT_CLASS = YES_ERROR;
				CLANG_WARN_UNREACHABLE_CODE = YES;
				CLANG_WARN__DUPLICATE_METHOD_MATCH = YES;
				CODE_SIGN_IDENTITY = "-";
				COPY_PHASE_STRIP = NO;
				DEBUG_INFORMATION_FORMAT = "dwarf-with-dsym";
				ENABLE_NS_ASSERTIONS = NO;
				ENABLE_STRICT_OBJC_MSGSEND = YES;
				GCC_C_LANGUAGE_STANDARD = gnu99;
				GCC_NO_COMMON_BLOCKS = YES;
				GCC_WARN_64_TO_32_BIT_CONVERSION = YES;
				GCC_WARN_ABOUT_RETURN_TYPE = YES_ERROR;
				GCC_WARN_UNDECLARED_SELECTOR = YES;
				GCC_WARN_UNINITIALIZED_AUTOS = YES_AGGRESSIVE;
				GCC_WARN_UNUSED_FUNCTION = YES;
				GCC_WARN_UNUSED_VARIABLE = YES;
				MACOSX_DEPLOYMENT_TARGET = 10.11;
				MTL_ENABLE_DEBUG_INFO = NO;
				SDKROOT = macosx;
			};
			name = Release;
		};
		A2BED3351C717AAD00AF9D4E /* Debug */ = {
			isa = XCBuildConfiguration;
			buildSettings = {
				GCC_PREFIX_HEADER = "$(SRCROOT)/RDTServer/DeviceAPI/PrefixHeader.pch";
				HEADER_SEARCH_PATHS = (
					../TUTK_Kalay_Platform_SDK_2.1.3/Include,
					"RDTServer/3th_party/jsoncpp-1.6.5/include",
					"RDTServer/3th_party/curlpp-0.7.3/include",
					RDTServer/DeviceAPI,
				);
				LIBRARY_SEARCH_PATHS = (
					../TUTK_Kalay_Platform_SDK_2.1.3/Lib/MAC,
					"$(PROJECT_DIR)/RDTServer/3th_party/curlpp-0.7.3/Librarys",
					"$(PROJECT_DIR)/RDTServer/lib/mac",
				);
				PRODUCT_NAME = "$(TARGET_NAME)";
			};
			name = Debug;
		};
		A2BED3361C717AAD00AF9D4E /* Release */ = {
			isa = XCBuildConfiguration;
			buildSettings = {
				GCC_PREFIX_HEADER = "$(SRCROOT)/RDTServer/DeviceAPI/PrefixHeader.pch";
				HEADER_SEARCH_PATHS = (
					../TUTK_Kalay_Platform_SDK_2.1.3/Include,
					"RDTServer/3th_party/jsoncpp-1.6.5/include",
					"RDTServer/3th_party/curlpp-0.7.3/include",
					RDTServer/DeviceAPI,
				);
				LIBRARY_SEARCH_PATHS = (
					../TUTK_Kalay_Platform_SDK_2.1.3/Lib/MAC,
					"$(PROJECT_DIR)/RDTServer/3th_party/curlpp-0.7.3/Librarys",
					"$(PROJECT_DIR)/RDTServer/lib/mac",
				);
				PRODUCT_NAME = "$(TARGET_NAME)";
			};
			name = Release;
		};
/* End XCBuildConfiguration section */

/* Begin XCConfigurationList section */
		A2BED3281C717AAD00AF9D4E /* Build configuration list for PBXProject "VtechDevice" */ = {
			isa = XCConfigurationList;
			buildConfigurations = (
				A2BED3321C717AAD00AF9D4E /* Debug */,
				A2BED3331C717AAD00AF9D4E /* Release */,
			);
			defaultConfigurationIsVisible = 0;
			defaultConfigurationName = Release;
		};
		A2BED3341C717AAD00AF9D4E /* Build configuration list for PBXNativeTarget "VtechDevice" */ = {
			isa = XCConfigurationList;
			buildConfigurations = (
				A2BED3351C717AAD00AF9D4E /* Debug */,
				A2BED3361C717AAD00AF9D4E /* Release */,
			);
			defaultConfigurationIsVisible = 0;
			defaultConfigurationName = Release;
		};
/* End XCConfigurationList section */
	};
	rootObject = A2BED3251C717AAD00AF9D4E /* Project object */;
}
